
Microsoft Visual Studio Solution File, Format Version 12.00
# Visual Studio Version 16
VisualStudioVersion = 16.0.30611.23
MinimumVisualStudioVersion = 10.0.40219.1
Project("{FAE04EC0-301F-11D3-BF4B-00C04F79EFBC}") = "Wpf_PasswordBox", "Wpf_PasswordBox\Wpf_PasswordBox.csproj", "{24CCD4DA-5B53-4A99-8D59-9EFB68726BF6}"
EndProject
Global
	GlobalSection(SolutionConfigurationPlatforms) = preSolution
		Debug|Any CPU = Debug|Any CPU
		Release|Any CPU = Release|Any CPU
	EndGlobalSection
	GlobalSection(ProjectConfigurationPlatforms) = postSolution
		{24CCD4DA-5B53-4A99-8D59-9EFB68726BF6}.Debug|Any CPU.ActiveCfg = Debug|Any CPU
		{24CCD4DA-5B53-4A99-8D59-9EFB68726BF6}.Debug|Any CPU.Build.0 = Debug|Any CPU
		{24CCD4DA-5B53-4A99-8D59-9EFB68726BF6}.Release|Any CPU.ActiveCfg = Release|Any CPU
		{24CCD4DA-5B53-4A99-8D59-9EFB68726BF6}.Release|Any CPU.Build.0 = Release|Any CPU
	EndGlobalSection
	GlobalSection(SolutionProperties) = preSolution
		HideSolutionNode = FALSE
	EndGlobalSection
	GlobalSection(ExtensibilityGlobals) = postSolution
		SolutionGuid = {6305D886-9891-4DEE-8B30-791C6FA9C2B4}
	EndGlobalSection
EndGlobal
