
Microsoft Visual Studio Solution File, Format Version 12.00
# Visual Studio Version 16
VisualStudioVersion = 16.0.31005.135
MinimumVisualStudioVersion = 10.0.40219.1
Project("{FAE04EC0-301F-11D3-BF4B-00C04F79EFBC}") = "ExploringAssemblyILDASMSnKey", "ExploringAssemblyILDASMSnKey\ExploringAssemblyILDASMSnKey.csproj", "{3E72740A-C703-4B3C-A72D-C93332A7FC77}"
EndProject
Global
	GlobalSection(SolutionConfigurationPlatforms) = preSolution
		Debug|Any CPU = Debug|Any CPU
		Release|Any CPU = Release|Any CPU
	EndGlobalSection
	GlobalSection(ProjectConfigurationPlatforms) = postSolution
		{3E72740A-C703-4B3C-A72D-C93332A7FC77}.Debug|Any CPU.ActiveCfg = Debug|Any CPU
		{3E72740A-C703-4B3C-A72D-C93332A7FC77}.Debug|Any CPU.Build.0 = Debug|Any CPU
		{3E72740A-C703-4B3C-A72D-C93332A7FC77}.Release|Any CPU.ActiveCfg = Release|Any CPU
		{3E72740A-C703-4B3C-A72D-C93332A7FC77}.Release|Any CPU.Build.0 = Release|Any CPU
	EndGlobalSection
	GlobalSection(SolutionProperties) = preSolution
		HideSolutionNode = FALSE
	EndGlobalSection
	GlobalSection(ExtensibilityGlobals) = postSolution
		SolutionGuid = {D4ABB226-D35A-4675-969E-2B1691EBC92F}
	EndGlobalSection
EndGlobal
