
Microsoft Visual Studio Solution File, Format Version 12.00
# Visual Studio Version 16
VisualStudioVersion = 16.0.30011.22
MinimumVisualStudioVersion = 10.0.40219.1
Project("{FAE04EC0-301F-11D3-BF4B-00C04F79EFBC}") = "WPF01", "WPF01\WPF01.csproj", "{4929D9A7-43C3-4750-A343-262D9AEEFE2D}"
EndProject
Global
	GlobalSection(SolutionConfigurationPlatforms) = preSolution
		Debug|Any CPU = Debug|Any CPU
		Release|Any CPU = Release|Any CPU
	EndGlobalSection
	GlobalSection(ProjectConfigurationPlatforms) = postSolution
		{4929D9A7-43C3-4750-A343-262D9AEEFE2D}.Debug|Any CPU.ActiveCfg = Debug|Any CPU
		{4929D9A7-43C3-4750-A343-262D9AEEFE2D}.Debug|Any CPU.Build.0 = Debug|Any CPU
		{4929D9A7-43C3-4750-A343-262D9AEEFE2D}.Release|Any CPU.ActiveCfg = Release|Any CPU
		{4929D9A7-43C3-4750-A343-262D9AEEFE2D}.Release|Any CPU.Build.0 = Release|Any CPU
	EndGlobalSection
	GlobalSection(SolutionProperties) = preSolution
		HideSolutionNode = FALSE
	EndGlobalSection
	GlobalSection(ExtensibilityGlobals) = postSolution
		SolutionGuid = {1F009D33-34DD-4A1D-B187-C0101BECF633}
	EndGlobalSection
EndGlobal
