
Microsoft Visual Studio Solution File, Format Version 12.00
# Visual Studio Version 16
VisualStudioVersion = 16.0.30621.155
MinimumVisualStudioVersion = 10.0.40219.1
Project("{FAE04EC0-301F-11D3-BF4B-00C04F79EFBC}") = "ICloneable_CopyConstructor", "ICloneable_CopyConstructor\ICloneable_CopyConstructor.csproj", "{587FCBF5-65A2-412B-9495-2D4D49A227D0}"
EndProject
Global
	GlobalSection(SolutionConfigurationPlatforms) = preSolution
		Debug|Any CPU = Debug|Any CPU
		Release|Any CPU = Release|Any CPU
	EndGlobalSection
	GlobalSection(ProjectConfigurationPlatforms) = postSolution
		{587FCBF5-65A2-412B-9495-2D4D49A227D0}.Debug|Any CPU.ActiveCfg = Debug|Any CPU
		{587FCBF5-65A2-412B-9495-2D4D49A227D0}.Debug|Any CPU.Build.0 = Debug|Any CPU
		{587FCBF5-65A2-412B-9495-2D4D49A227D0}.Release|Any CPU.ActiveCfg = Release|Any CPU
		{587FCBF5-65A2-412B-9495-2D4D49A227D0}.Release|Any CPU.Build.0 = Release|Any CPU
	EndGlobalSection
	GlobalSection(SolutionProperties) = preSolution
		HideSolutionNode = FALSE
	EndGlobalSection
	GlobalSection(ExtensibilityGlobals) = postSolution
		SolutionGuid = {12809BA8-F033-4C17-8B0D-9CF2353B2CAE}
	EndGlobalSection
EndGlobal
