
Microsoft Visual Studio Solution File, Format Version 12.00
# Visual Studio Version 16
VisualStudioVersion = 16.0.30611.23
MinimumVisualStudioVersion = 10.0.40219.1
Project("{FAE04EC0-301F-11D3-BF4B-00C04F79EFBC}") = "Wpf_ListBox", "Wpf_ListBox\Wpf_ListBox.csproj", "{FE972C8E-2FAE-4578-A1BD-706247777030}"
EndProject
Global
	GlobalSection(SolutionConfigurationPlatforms) = preSolution
		Debug|Any CPU = Debug|Any CPU
		Release|Any CPU = Release|Any CPU
	EndGlobalSection
	GlobalSection(ProjectConfigurationPlatforms) = postSolution
		{FE972C8E-2FAE-4578-A1BD-706247777030}.Debug|Any CPU.ActiveCfg = Debug|Any CPU
		{FE972C8E-2FAE-4578-A1BD-706247777030}.Debug|Any CPU.Build.0 = Debug|Any CPU
		{FE972C8E-2FAE-4578-A1BD-706247777030}.Release|Any CPU.ActiveCfg = Release|Any CPU
		{FE972C8E-2FAE-4578-A1BD-706247777030}.Release|Any CPU.Build.0 = Release|Any CPU
	EndGlobalSection
	GlobalSection(SolutionProperties) = preSolution
		HideSolutionNode = FALSE
	EndGlobalSection
	GlobalSection(ExtensibilityGlobals) = postSolution
		SolutionGuid = {F61F100A-AE17-42EE-B89C-EF59DC85D6AD}
	EndGlobalSection
EndGlobal
