
Microsoft Visual Studio Solution File, Format Version 12.00
# Visual Studio Version 16
VisualStudioVersion = 16.0.30621.155
MinimumVisualStudioVersion = 10.0.40219.1
Project("{FAE04EC0-301F-11D3-BF4B-00C04F79EFBC}") = "Indexers", "Indexers\Indexers.csproj", "{16127DCD-0AB5-435B-BF97-734AF5A0DDBD}"
EndProject
Global
	GlobalSection(SolutionConfigurationPlatforms) = preSolution
		Debug|Any CPU = Debug|Any CPU
		Release|Any CPU = Release|Any CPU
	EndGlobalSection
	GlobalSection(ProjectConfigurationPlatforms) = postSolution
		{16127DCD-0AB5-435B-BF97-734AF5A0DDBD}.Debug|Any CPU.ActiveCfg = Debug|Any CPU
		{16127DCD-0AB5-435B-BF97-734AF5A0DDBD}.Debug|Any CPU.Build.0 = Debug|Any CPU
		{16127DCD-0AB5-435B-BF97-734AF5A0DDBD}.Release|Any CPU.ActiveCfg = Release|Any CPU
		{16127DCD-0AB5-435B-BF97-734AF5A0DDBD}.Release|Any CPU.Build.0 = Release|Any CPU
	EndGlobalSection
	GlobalSection(SolutionProperties) = preSolution
		HideSolutionNode = FALSE
	EndGlobalSection
	GlobalSection(ExtensibilityGlobals) = postSolution
		SolutionGuid = {F882BCF2-E358-4076-A2AB-C46A027C644F}
	EndGlobalSection
EndGlobal
