
Microsoft Visual Studio Solution File, Format Version 12.00
# Visual Studio Version 16
VisualStudioVersion = 16.0.30011.22
MinimumVisualStudioVersion = 10.0.40219.1
Project("{FAE04EC0-301F-11D3-BF4B-00C04F79EFBC}") = "LoggerImplementation", "LoggerImplementation\LoggerImplementation.csproj", "{57115CD4-5FD3-4017-87C3-EDFAC2DAA888}"
EndProject
Project("{FAE04EC0-301F-11D3-BF4B-00C04F79EFBC}") = "TestLog", "TestLog\TestLog.csproj", "{5F5ADA3B-9CC2-43E7-B21D-84489ED17074}"
EndProject
Global
	GlobalSection(SolutionConfigurationPlatforms) = preSolution
		Debug|Any CPU = Debug|Any CPU
		Release|Any CPU = Release|Any CPU
	EndGlobalSection
	GlobalSection(ProjectConfigurationPlatforms) = postSolution
		{57115CD4-5FD3-4017-87C3-EDFAC2DAA888}.Debug|Any CPU.ActiveCfg = Debug|Any CPU
		{57115CD4-5FD3-4017-87C3-EDFAC2DAA888}.Debug|Any CPU.Build.0 = Debug|Any CPU
		{57115CD4-5FD3-4017-87C3-EDFAC2DAA888}.Release|Any CPU.ActiveCfg = Release|Any CPU
		{57115CD4-5FD3-4017-87C3-EDFAC2DAA888}.Release|Any CPU.Build.0 = Release|Any CPU
		{5F5ADA3B-9CC2-43E7-B21D-84489ED17074}.Debug|Any CPU.ActiveCfg = Debug|Any CPU
		{5F5ADA3B-9CC2-43E7-B21D-84489ED17074}.Debug|Any CPU.Build.0 = Debug|Any CPU
		{5F5ADA3B-9CC2-43E7-B21D-84489ED17074}.Release|Any CPU.ActiveCfg = Release|Any CPU
		{5F5ADA3B-9CC2-43E7-B21D-84489ED17074}.Release|Any CPU.Build.0 = Release|Any CPU
	EndGlobalSection
	GlobalSection(SolutionProperties) = preSolution
		HideSolutionNode = FALSE
	EndGlobalSection
	GlobalSection(ExtensibilityGlobals) = postSolution
		SolutionGuid = {88BEF409-19F1-4330-A58D-A8EECB69A234}
	EndGlobalSection
EndGlobal
