
Microsoft Visual Studio Solution File, Format Version 12.00
# Visual Studio Version 16
VisualStudioVersion = 16.0.30011.22
MinimumVisualStudioVersion = 10.0.40219.1
Project("{FAE04EC0-301F-11D3-BF4B-00C04F79EFBC}") = "Polymorphism", "Polymorphism\Polymorphism.csproj", "{82DC6976-CD59-4A2E-A573-0A0E39866AAB}"
EndProject
Global
	GlobalSection(SolutionConfigurationPlatforms) = preSolution
		Debug|Any CPU = Debug|Any CPU
		Release|Any CPU = Release|Any CPU
	EndGlobalSection
	GlobalSection(ProjectConfigurationPlatforms) = postSolution
		{82DC6976-CD59-4A2E-A573-0A0E39866AAB}.Debug|Any CPU.ActiveCfg = Debug|Any CPU
		{82DC6976-CD59-4A2E-A573-0A0E39866AAB}.Debug|Any CPU.Build.0 = Debug|Any CPU
		{82DC6976-CD59-4A2E-A573-0A0E39866AAB}.Release|Any CPU.ActiveCfg = Release|Any CPU
		{82DC6976-CD59-4A2E-A573-0A0E39866AAB}.Release|Any CPU.Build.0 = Release|Any CPU
	EndGlobalSection
	GlobalSection(SolutionProperties) = preSolution
		HideSolutionNode = FALSE
	EndGlobalSection
	GlobalSection(ExtensibilityGlobals) = postSolution
		SolutionGuid = {C04663CC-45C1-4292-9E60-2558E3DCB97D}
	EndGlobalSection
EndGlobal
