
Microsoft Visual Studio Solution File, Format Version 12.00
# Visual Studio Version 16
VisualStudioVersion = 16.0.30011.22
MinimumVisualStudioVersion = 10.0.40219.1
Project("{FAE04EC0-301F-11D3-BF4B-00C04F79EFBC}") = "StringUtilTesting", "StringUtilTesting\StringUtilTesting.csproj", "{1F68675C-0703-4A4A-88AE-A9E870A80E66}"
EndProject
Global
	GlobalSection(SolutionConfigurationPlatforms) = preSolution
		Debug|Any CPU = Debug|Any CPU
		Release|Any CPU = Release|Any CPU
	EndGlobalSection
	GlobalSection(ProjectConfigurationPlatforms) = postSolution
		{1F68675C-0703-4A4A-88AE-A9E870A80E66}.Debug|Any CPU.ActiveCfg = Debug|Any CPU
		{1F68675C-0703-4A4A-88AE-A9E870A80E66}.Debug|Any CPU.Build.0 = Debug|Any CPU
		{1F68675C-0703-4A4A-88AE-A9E870A80E66}.Release|Any CPU.ActiveCfg = Release|Any CPU
		{1F68675C-0703-4A4A-88AE-A9E870A80E66}.Release|Any CPU.Build.0 = Release|Any CPU
	EndGlobalSection
	GlobalSection(SolutionProperties) = preSolution
		HideSolutionNode = FALSE
	EndGlobalSection
	GlobalSection(ExtensibilityGlobals) = postSolution
		SolutionGuid = {BB86CD63-CE5D-4F70-AD12-34C85C444D0D}
	EndGlobalSection
EndGlobal
