
Microsoft Visual Studio Solution File, Format Version 12.00
# Visual Studio Version 16
VisualStudioVersion = 16.0.31205.134
MinimumVisualStudioVersion = 10.0.40219.1
Project("{FAE04EC0-301F-11D3-BF4B-00C04F79EFBC}") = "INotifyPractice", "INotifyPractice\INotifyPractice.csproj", "{56AF3624-BAE1-4FD1-8153-C6731121046B}"
EndProject
Global
	GlobalSection(SolutionConfigurationPlatforms) = preSolution
		Debug|Any CPU = Debug|Any CPU
		Release|Any CPU = Release|Any CPU
	EndGlobalSection
	GlobalSection(ProjectConfigurationPlatforms) = postSolution
		{56AF3624-BAE1-4FD1-8153-C6731121046B}.Debug|Any CPU.ActiveCfg = Debug|Any CPU
		{56AF3624-BAE1-4FD1-8153-C6731121046B}.Debug|Any CPU.Build.0 = Debug|Any CPU
		{56AF3624-BAE1-4FD1-8153-C6731121046B}.Release|Any CPU.ActiveCfg = Release|Any CPU
		{56AF3624-BAE1-4FD1-8153-C6731121046B}.Release|Any CPU.Build.0 = Release|Any CPU
	EndGlobalSection
	GlobalSection(SolutionProperties) = preSolution
		HideSolutionNode = FALSE
	EndGlobalSection
	GlobalSection(ExtensibilityGlobals) = postSolution
		SolutionGuid = {2329FCD3-07E6-4F00-9322-61EADF6C89B1}
	EndGlobalSection
EndGlobal
